// !$*UTF8*$!
{
	archiveVersion = 1;
	classes = {
	};
	objectVersion = 55;
	objects = {

/* Begin PBXBuildFile section */
		A92DC1C9282DBFD800D0B5AF /* ItemListViewModel.swift in Sources */ = {isa = PBXBuildFile; fileRef = A92DC1C8282DBFD800D0B5AF /* ItemListViewModel.swift */; };
		A92DC1CB282DC00400D0B5AF /* ItemListing.swift in Sources */ = {isa = PBXBuildFile; fileRef = A92DC1CA282DC00400D0B5AF /* ItemListing.swift */; };
		A92DC1CF282DC29900D0B5AF /* CloudKit.framework in Frameworks */ = {isa = PBXBuildFile; fileRef = A92DC1CE282DC29900D0B5AF /* CloudKit.framework */; };
		A97B583D2825880100A1FAE6 /* ViewModel.swift in Sources */ = {isa = PBXBuildFile; fileRef = A97B583C2825880100A1FAE6 /* ViewModel.swift */; };
		A97B5841282597CB00A1FAE6 /* EventsMapViewv1.swift in Sources */ = {isa = PBXBuildFile; fileRef = A97B5840282597CB00A1FAE6 /* EventsMapViewv1.swift */; };
		A97B58432825DDE000A1FAE6 /* Picker.swift in Sources */ = {isa = PBXBuildFile; fileRef = A97B58422825DDE000A1FAE6 /* Picker.swift */; };
		A97B58452825E02D00A1FAE6 /* ImagePicker.swift in Sources */ = {isa = PBXBuildFile; fileRef = A97B58442825E02D00A1FAE6 /* ImagePicker.swift */; };
		A97B58472825E78100A1FAE6 /* ZoomableScrollView.swift in Sources */ = {isa = PBXBuildFile; fileRef = A97B58462825E78100A1FAE6 /* ZoomableScrollView.swift */; };
		A97B58492825F91600A1FAE6 /* MyImage.swift in Sources */ = {isa = PBXBuildFile; fileRef = A97B58482825F91600A1FAE6 /* MyImage.swift */; };
		A97B584C2825F9C700A1FAE6 /* FileManager+Extension.swift in Sources */ = {isa = PBXBuildFile; fileRef = A97B584B2825F9C700A1FAE6 /* FileManager+Extension.swift */; };
		A97B584E2825FA6100A1FAE6 /* MyImageError.swift in Sources */ = {isa = PBXBuildFile; fileRef = A97B584D2825FA6100A1FAE6 /* MyImageError.swift */; };
		A97B58502826173B00A1FAE6 /* Buttonlabel.swift in Sources */ = {isa = PBXBuildFile; fileRef = A97B584F2826173B00A1FAE6 /* Buttonlabel.swift */; };
		A994EDED28249A7F004AB63A /* Events_RadarApp.swift in Sources */ = {isa = PBXBuildFile; fileRef = A994EDEC28249A7F004AB63A /* Events_RadarApp.swift */; };
		A994EDEF28249A7F004AB63A /* ContentView.swift in Sources */ = {isa = PBXBuildFile; fileRef = A994EDEE28249A7F004AB63A /* ContentView.swift */; };
		A994EDF128249A81004AB63A /* Assets.xcassets in Resources */ = {isa = PBXBuildFile; fileRef = A994EDF028249A81004AB63A /* Assets.xcassets */; };
		A994EDF428249A81004AB63A /* Preview Assets.xcassets in Resources */ = {isa = PBXBuildFile; fileRef = A994EDF328249A81004AB63A /* Preview Assets.xcassets */; };
		A994EDFD28249C11004AB63A /* EventsListView.swift in Sources */ = {isa = PBXBuildFile; fileRef = A994EDFC28249C11004AB63A /* EventsListView.swift */; };
		A994EE0128249C82004AB63A /* ModelData.swift in Sources */ = {isa = PBXBuildFile; fileRef = A994EE0028249C82004AB63A /* ModelData.swift */; };
		A994EE0328249E00004AB63A /* EventsMapView.swift in Sources */ = {isa = PBXBuildFile; fileRef = A994EE0228249E00004AB63A /* EventsMapView.swift */; };
		A994EE0728249EBA004AB63A /* EventsSettingsView.swift in Sources */ = {isa = PBXBuildFile; fileRef = A994EE0628249EBA004AB63A /* EventsSettingsView.swift */; };
		A994EE0928249ED2004AB63A /* EventsNewView.swift in Sources */ = {isa = PBXBuildFile; fileRef = A994EE0828249ED2004AB63A /* EventsNewView.swift */; };
		A994EE0D2824A9A4004AB63A /* EventsFeatured.swift in Sources */ = {isa = PBXBuildFile; fileRef = A994EE0C2824A9A4004AB63A /* EventsFeatured.swift */; };
/* End PBXBuildFile section */

/* Begin PBXFileReference section */
		A92DC1C8282DBFD800D0B5AF /* ItemListViewModel.swift */ = {isa = PBXFileReference; lastKnownFileType = sourcecode.swift; path = ItemListViewModel.swift; sourceTree = "<group>"; };
		A92DC1CA282DC00400D0B5AF /* ItemListing.swift */ = {isa = PBXFileReference; lastKnownFileType = sourcecode.swift; path = ItemListing.swift; sourceTree = "<group>"; };
		A92DC1CC282DC1CB00D0B5AF /* Events Radar.entitlements */ = {isa = PBXFileReference; lastKnownFileType = text.plist.entitlements; path = "Events Radar.entitlements"; sourceTree = "<group>"; };
		A92DC1CE282DC29900D0B5AF /* CloudKit.framework */ = {isa = PBXFileReference; lastKnownFileType = wrapper.framework; name = CloudKit.framework; path = System/Library/Frameworks/CloudKit.framework; sourceTree = SDKROOT; };
		A97B583C2825880100A1FAE6 /* ViewModel.swift */ = {isa = PBXFileReference; lastKnownFileType = sourcecode.swift; path = ViewModel.swift; sourceTree = "<group>"; };
		A97B5840282597CB00A1FAE6 /* EventsMapViewv1.swift */ = {isa = PBXFileReference; lastKnownFileType = sourcecode.swift; path = EventsMapViewv1.swift; sourceTree = "<group>"; };
		A97B58422825DDE000A1FAE6 /* Picker.swift */ = {isa = PBXFileReference; lastKnownFileType = sourcecode.swift; path = Picker.swift; sourceTree = "<group>"; };
		A97B58442825E02D00A1FAE6 /* ImagePicker.swift */ = {isa = PBXFileReference; lastKnownFileType = sourcecode.swift; path = ImagePicker.swift; sourceTree = "<group>"; };
		A97B58462825E78100A1FAE6 /* ZoomableScrollView.swift */ = {isa = PBXFileReference; lastKnownFileType = sourcecode.swift; path = ZoomableScrollView.swift; sourceTree = "<group>"; };
		A97B58482825F91600A1FAE6 /* MyImage.swift */ = {isa = PBXFileReference; lastKnownFileType = sourcecode.swift; path = MyImage.swift; sourceTree = "<group>"; };
		A97B584B2825F9C700A1FAE6 /* FileManager+Extension.swift */ = {isa = PBXFileReference; lastKnownFileType = sourcecode.swift; path = "FileManager+Extension.swift"; sourceTree = "<group>"; };
		A97B584D2825FA6100A1FAE6 /* MyImageError.swift */ = {isa = PBXFileReference; lastKnownFileType = sourcecode.swift; path = MyImageError.swift; sourceTree = "<group>"; };
		A97B584F2826173B00A1FAE6 /* Buttonlabel.swift */ = {isa = PBXFileReference; lastKnownFileType = sourcecode.swift; path = Buttonlabel.swift; sourceTree = "<group>"; };
		A994EDE928249A7F004AB63A /* Events Radar.app */ = {isa = PBXFileReference; explicitFileType = wrapper.application; includeInIndex = 0; path = "Events Radar.app"; sourceTree = BUILT_PRODUCTS_DIR; };
		A994EDEC28249A7F004AB63A /* Events_RadarApp.swift */ = {isa = PBXFileReference; lastKnownFileType = sourcecode.swift; path = Events_RadarApp.swift; sourceTree = "<group>"; };
		A994EDEE28249A7F004AB63A /* ContentView.swift */ = {isa = PBXFileReference; lastKnownFileType = sourcecode.swift; path = ContentView.swift; sourceTree = "<group>"; };
		A994EDF028249A81004AB63A /* Assets.xcassets */ = {isa = PBXFileReference; lastKnownFileType = folder.assetcatalog; path = Assets.xcassets; sourceTree = "<group>"; };
		A994EDF328249A81004AB63A /* Preview Assets.xcassets */ = {isa = PBXFileReference; lastKnownFileType = folder.assetcatalog; path = "Preview Assets.xcassets"; sourceTree = "<group>"; };
		A994EDFC28249C11004AB63A /* EventsListView.swift */ = {isa = PBXFileReference; lastKnownFileType = sourcecode.swift; path = EventsListView.swift; sourceTree = "<group>"; };
		A994EE0028249C82004AB63A /* ModelData.swift */ = {isa = PBXFileReference; lastKnownFileType = sourcecode.swift; path = ModelData.swift; sourceTree = "<group>"; };
		A994EE0228249E00004AB63A /* EventsMapView.swift */ = {isa = PBXFileReference; lastKnownFileType = sourcecode.swift; path = EventsMapView.swift; sourceTree = "<group>"; };
		A994EE0628249EBA004AB63A /* EventsSettingsView.swift */ = {isa = PBXFileReference; lastKnownFileType = sourcecode.swift; path = EventsSettingsView.swift; sourceTree = "<group>"; };
		A994EE0828249ED2004AB63A /* EventsNewView.swift */ = {isa = PBXFileReference; lastKnownFileType = sourcecode.swift; path = EventsNewView.swift; sourceTree = "<group>"; };
		A994EE0C2824A9A4004AB63A /* EventsFeatured.swift */ = {isa = PBXFileReference; lastKnownFileType = sourcecode.swift; path = EventsFeatured.swift; sourceTree = "<group>"; };
/* End PBXFileReference section */

/* Begin PBXFrameworksBuildPhase section */
		A994EDE628249A7F004AB63A /* Frameworks */ = {
			isa = PBXFrameworksBuildPhase;
			buildActionMask = 2147483647;
			files = (
				A92DC1CF282DC29900D0B5AF /* CloudKit.framework in Frameworks */,
			);
			runOnlyForDeploymentPostprocessing = 0;
		};
/* End PBXFrameworksBuildPhase section */

/* Begin PBXGroup section */
		A92DC1CD282DC29900D0B5AF /* Frameworks */ = {
			isa = PBXGroup;
			children = (
				A92DC1CE282DC29900D0B5AF /* CloudKit.framework */,
			);
			name = Frameworks;
			sourceTree = "<group>";
		};
		A97B584A2825F99F00A1FAE6 /* Extensions */ = {
			isa = PBXGroup;
			children = (
				A97B584B2825F9C700A1FAE6 /* FileManager+Extension.swift */,
			);
			path = Extensions;
			sourceTree = "<group>";
		};
		A994EDE028249A7F004AB63A = {
			isa = PBXGroup;
			children = (
				A994EDEB28249A7F004AB63A /* Events Radar */,
				A994EDEA28249A7F004AB63A /* Products */,
				A92DC1CD282DC29900D0B5AF /* Frameworks */,
			);
			sourceTree = "<group>";
		};
		A994EDEA28249A7F004AB63A /* Products */ = {
			isa = PBXGroup;
			children = (
				A994EDE928249A7F004AB63A /* Events Radar.app */,
			);
			name = Products;
			sourceTree = "<group>";
		};
		A994EDEB28249A7F004AB63A /* Events Radar */ = {
			isa = PBXGroup;
			children = (
				A92DC1CC282DC1CB00D0B5AF /* Events Radar.entitlements */,
				A994EDEC28249A7F004AB63A /* Events_RadarApp.swift */,
				A994EE0A28249F45004AB63A /* Views */,
				A994EE0B28249F74004AB63A /* Models */,
				A97B584A2825F99F00A1FAE6 /* Extensions */,
				A994EDF028249A81004AB63A /* Assets.xcassets */,
				A994EDF228249A81004AB63A /* Preview Content */,
			);
			path = "Events Radar";
			sourceTree = "<group>";
		};
		A994EDF228249A81004AB63A /* Preview Content */ = {
			isa = PBXGroup;
			children = (
				A994EDF328249A81004AB63A /* Preview Assets.xcassets */,
			);
			path = "Preview Content";
			sourceTree = "<group>";
		};
		A994EE0A28249F45004AB63A /* Views */ = {
			isa = PBXGroup;
			children = (
				A994EDEE28249A7F004AB63A /* ContentView.swift */,
				A994EE0C2824A9A4004AB63A /* EventsFeatured.swift */,
				A994EE0828249ED2004AB63A /* EventsNewView.swift */,
				A994EDFC28249C11004AB63A /* EventsListView.swift */,
				A994EE0228249E00004AB63A /* EventsMapView.swift */,
				A97B5840282597CB00A1FAE6 /* EventsMapViewv1.swift */,
				A994EE0628249EBA004AB63A /* EventsSettingsView.swift */,
			);
			path = Views;
			sourceTree = "<group>";
		};
		A994EE0B28249F74004AB63A /* Models */ = {
			isa = PBXGroup;
			children = (
				A994EE0028249C82004AB63A /* ModelData.swift */,
				A97B583C2825880100A1FAE6 /* ViewModel.swift */,
				A97B58422825DDE000A1FAE6 /* Picker.swift */,
				A97B58442825E02D00A1FAE6 /* ImagePicker.swift */,
				A97B58462825E78100A1FAE6 /* ZoomableScrollView.swift */,
				A97B58482825F91600A1FAE6 /* MyImage.swift */,
				A97B584D2825FA6100A1FAE6 /* MyImageError.swift */,
				A97B584F2826173B00A1FAE6 /* Buttonlabel.swift */,
				A92DC1C8282DBFD800D0B5AF /* ItemListViewModel.swift */,
				A92DC1CA282DC00400D0B5AF /* ItemListing.swift */,
			);
			path = Models;
			sourceTree = "<group>";
		};
/* End PBXGroup section */

/* Begin PBXNativeTarget section */
		A994EDE828249A7F004AB63A /* Events Radar */ = {
			isa = PBXNativeTarget;
			buildConfigurationList = A994EDF728249A81004AB63A /* Build configuration list for PBXNativeTarget "Events Radar" */;
			buildPhases = (
				A994EDE528249A7F004AB63A /* Sources */,
				A994EDE628249A7F004AB63A /* Frameworks */,
				A994EDE728249A7F004AB63A /* Resources */,
			);
			buildRules = (
			);
			dependencies = (
			);
			name = "Events Radar";
			productName = "Events Radar";
			productReference = A994EDE928249A7F004AB63A /* Events Radar.app */;
			productType = "com.apple.product-type.application";
		};
/* End PBXNativeTarget section */

/* Begin PBXProject section */
		A994EDE128249A7F004AB63A /* Project object */ = {
			isa = PBXProject;
			attributes = {
				BuildIndependentTargetsInParallel = 1;
				LastSwiftUpdateCheck = 1330;
				LastUpgradeCheck = 1330;
				TargetAttributes = {
					A994EDE828249A7F004AB63A = {
						CreatedOnToolsVersion = 13.3.1;
					};
				};
			};
			buildConfigurationList = A994EDE428249A7F004AB63A /* Build configuration list for PBXProject "Events Radar" */;
			compatibilityVersion = "Xcode 13.0";
			developmentRegion = en;
			hasScannedForEncodings = 0;
			knownRegions = (
				en,
				Base,
			);
			mainGroup = A994EDE028249A7F004AB63A;
			productRefGroup = A994EDEA28249A7F004AB63A /* Products */;
			projectDirPath = "";
			projectRoot = "";
			targets = (
				A994EDE828249A7F004AB63A /* Events Radar */,
			);
		};
/* End PBXProject section */

/* Begin PBXResourcesBuildPhase section */
		A994EDE728249A7F004AB63A /* Resources */ = {
			isa = PBXResourcesBuildPhase;
			buildActionMask = 2147483647;
			files = (
				A994EDF428249A81004AB63A /* Preview Assets.xcassets in Resources */,
				A994EDF128249A81004AB63A /* Assets.xcassets in Resources */,
			);
			runOnlyForDeploymentPostprocessing = 0;
		};
/* End PBXResourcesBuildPhase section */

/* Begin PBXSourcesBuildPhase section */
		A994EDE528249A7F004AB63A /* Sources */ = {
			isa = PBXSourcesBuildPhase;
			buildActionMask = 2147483647;
			files = (
				A97B584E2825FA6100A1FAE6 /* MyImageError.swift in Sources */,
				A994EE0928249ED2004AB63A /* EventsNewView.swift in Sources */,
				A97B58492825F91600A1FAE6 /* MyImage.swift in Sources */,
				A92DC1CB282DC00400D0B5AF /* ItemListing.swift in Sources */,
				A97B5841282597CB00A1FAE6 /* EventsMapViewv1.swift in Sources */,
				A97B583D2825880100A1FAE6 /* ViewModel.swift in Sources */,
				A994EDEF28249A7F004AB63A /* ContentView.swift in Sources */,
				A994EE0328249E00004AB63A /* EventsMapView.swift in Sources */,
				A994EE0728249EBA004AB63A /* EventsSettingsView.swift in Sources */,
				A994EE0D2824A9A4004AB63A /* EventsFeatured.swift in Sources */,
				A97B58472825E78100A1FAE6 /* ZoomableScrollView.swift in Sources */,
				A97B58502826173B00A1FAE6 /* Buttonlabel.swift in Sources */,
				A994EE0128249C82004AB63A /* ModelData.swift in Sources */,
				A994EDED28249A7F004AB63A /* Events_RadarApp.swift in Sources */,
				A92DC1C9282DBFD800D0B5AF /* ItemListViewModel.swift in Sources */,
				A97B584C2825F9C700A1FAE6 /* FileManager+Extension.swift in Sources */,
				A97B58452825E02D00A1FAE6 /* ImagePicker.swift in Sources */,
				A994EDFD28249C11004AB63A /* EventsListView.swift in Sources */,
				A97B58432825DDE000A1FAE6 /* Picker.swift in Sources */,
			);
			runOnlyForDeploymentPostprocessing = 0;
		};
/* End PBXSourcesBuildPhase section */

/* Begin XCBuildConfiguration section */
		A994EDF528249A81004AB63A /* Debug */ = {
			isa = XCBuildConfiguration;
			buildSettings = {
				ALWAYS_SEARCH_USER_PATHS = NO;
				CLANG_ANALYZER_NONNULL = YES;
				CLANG_ANALYZER_NUMBER_OBJECT_CONVERSION = YES_AGGRESSIVE;
				CLANG_CXX_LANGUAGE_STANDARD = "gnu++17";
				CLANG_ENABLE_MODULES = YES;
				CLANG_ENABLE_OBJC_ARC = YES;
				CLANG_ENABLE_OBJC_WEAK = YES;
				CLANG_WARN_BLOCK_CAPTURE_AUTORELEASING = YES;
				CLANG_WARN_BOOL_CONVERSION = YES;
				CLANG_WARN_COMMA = YES;
				CLANG_WARN_CONSTANT_CONVERSION = YES;
				CLANG_WARN_DEPRECATED_OBJC_IMPLEMENTATIONS = YES;
				CLANG_WARN_DIRECT_OBJC_ISA_USAGE = YES_ERROR;
				CLANG_WARN_DOCUMENTATION_COMMENTS = YES;
				CLANG_WARN_EMPTY_BODY = YES;
				CLANG_WARN_ENUM_CONVERSION = YES;
				CLANG_WARN_INFINITE_RECURSION = YES;
				CLANG_WARN_INT_CONVERSION = YES;
				CLANG_WARN_NON_LITERAL_NULL_CONVERSION = YES;
				CLANG_WARN_OBJC_IMPLICIT_RETAIN_SELF = YES;
				CLANG_WARN_OBJC_LITERAL_CONVERSION = YES;
				CLANG_WARN_OBJC_ROOT_CLASS = YES_ERROR;
				CLANG_WARN_QUOTED_INCLUDE_IN_FRAMEWORK_HEADER = YES;
				CLANG_WARN_RANGE_LOOP_ANALYSIS = YES;
				CLANG_WARN_STRICT_PROTOTYPES = YES;
				CLANG_WARN_SUSPICIOUS_MOVE = YES;
				CLANG_WARN_UNGUARDED_AVAILABILITY = YES_AGGRESSIVE;
				CLANG_WARN_UNREACHABLE_CODE = YES;
				CLANG_WARN__DUPLICATE_METHOD_MATCH = YES;
				COPY_PHASE_STRIP = NO;
				DEBUG_INFORMATION_FORMAT = dwarf;
				ENABLE_STRICT_OBJC_MSGSEND = YES;
				ENABLE_TESTABILITY = YES;
				GCC_C_LANGUAGE_STANDARD = gnu11;
				GCC_DYNAMIC_NO_PIC = NO;
				GCC_NO_COMMON_BLOCKS = YES;
				GCC_OPTIMIZATION_LEVEL = 0;
				GCC_PREPROCESSOR_DEFINITIONS = (
					"DEBUG=1",
					"$(inherited)",
				);
				GCC_WARN_64_TO_32_BIT_CONVERSION = YES;
				GCC_WARN_ABOUT_RETURN_TYPE = YES_ERROR;
				GCC_WARN_UNDECLARED_SELECTOR = YES;
				GCC_WARN_UNINITIALIZED_AUTOS = YES_AGGRESSIVE;
				GCC_WARN_UNUSED_FUNCTION = YES;
				GCC_WARN_UNUSED_VARIABLE = YES;
				IPHONEOS_DEPLOYMENT_TARGET = 15.4;
				MTL_ENABLE_DEBUG_INFO = INCLUDE_SOURCE;
				MTL_FAST_MATH = YES;
				ONLY_ACTIVE_ARCH = YES;
				SDKROOT = iphoneos;
				SWIFT_ACTIVE_COMPILATION_CONDITIONS = DEBUG;
				SWIFT_OPTIMIZATION_LEVEL = "-Onone";
			};
			name = Debug;
		};
		A994EDF628249A81004AB63A /* Release */ = {
			isa = XCBuildConfiguration;
			buildSettings = {
				ALWAYS_SEARCH_USER_PATHS = NO;
				CLANG_ANALYZER_NONNULL = YES;
				CLANG_ANALYZER_NUMBER_OBJECT_CONVERSION = YES_AGGRESSIVE;
				CLANG_CXX_LANGUAGE_STANDARD = "gnu++17";
				CLANG_ENABLE_MODULES = YES;
				CLANG_ENABLE_OBJC_ARC = YES;
				CLANG_ENABLE_OBJC_WEAK = YES;
				CLANG_WARN_BLOCK_CAPTURE_AUTORELEASING = YES;
				CLANG_WARN_BOOL_CONVERSION = YES;
				CLANG_WARN_COMMA = YES;
				CLANG_WARN_CONSTANT_CONVERSION = YES;
				CLANG_WARN_DEPRECATED_OBJC_IMPLEMENTATIONS = YES;
				CLANG_WARN_DIRECT_OBJC_ISA_USAGE = YES_ERROR;
				CLANG_WARN_DOCUMENTATION_COMMENTS = YES;
				CLANG_WARN_EMPTY_BODY = YES;
				CLANG_WARN_ENUM_CONVERSION = YES;
				CLANG_WARN_INFINITE_RECURSION = YES;
				CLANG_WARN_INT_CONVERSION = YES;
				CLANG_WARN_NON_LITERAL_NULL_CONVERSION = YES;
				CLANG_WARN_OBJC_IMPLICIT_RETAIN_SELF = YES;
				CLANG_WARN_OBJC_LITERAL_CONVERSION = YES;
				CLANG_WARN_OBJC_ROOT_CLASS = YES_ERROR;
				CLANG_WARN_QUOTED_INCLUDE_IN_FRAMEWORK_HEADER = YES;
				CLANG_WARN_RANGE_LOOP_ANALYSIS = YES;
				CLANG_WARN_STRICT_PROTOTYPES = YES;
				CLANG_WARN_SUSPICIOUS_MOVE = YES;
				CLANG_WARN_UNGUARDED_AVAILABILITY = YES_AGGRESSIVE;
				CLANG_WARN_UNREACHABLE_CODE = YES;
				CLANG_WARN__DUPLICATE_METHOD_MATCH = YES;
				COPY_PHASE_STRIP = NO;
				DEBUG_INFORMATION_FORMAT = "dwarf-with-dsym";
				ENABLE_NS_ASSERTIONS = NO;
				ENABLE_STRICT_OBJC_MSGSEND = YES;
				GCC_C_LANGUAGE_STANDARD = gnu11;
				GCC_NO_COMMON_BLOCKS = YES;
				GCC_WARN_64_TO_32_BIT_CONVERSION = YES;
				GCC_WARN_ABOUT_RETURN_TYPE = YES_ERROR;
				GCC_WARN_UNDECLARED_SELECTOR = YES;
				GCC_WARN_UNINITIALIZED_AUTOS = YES_AGGRESSIVE;
				GCC_WARN_UNUSED_FUNCTION = YES;
				GCC_WARN_UNUSED_VARIABLE = YES;
				IPHONEOS_DEPLOYMENT_TARGET = 15.4;
				MTL_ENABLE_DEBUG_INFO = NO;
				MTL_FAST_MATH = YES;
				SDKROOT = iphoneos;
				SWIFT_COMPILATION_MODE = wholemodule;
				SWIFT_OPTIMIZATION_LEVEL = "-O";
				VALIDATE_PRODUCT = YES;
			};
			name = Release;
		};
		A994EDF828249A81004AB63A /* Debug */ = {
			isa = XCBuildConfiguration;
			buildSettings = {
				ASSETCATALOG_COMPILER_APPICON_NAME = AppIcon;
				ASSETCATALOG_COMPILER_GLOBAL_ACCENT_COLOR_NAME = AccentColor;
				CODE_SIGN_ENTITLEMENTS = "Events Radar/Events Radar.entitlements";
				CODE_SIGN_STYLE = Automatic;
				CURRENT_PROJECT_VERSION = 1;
				DEVELOPMENT_ASSET_PATHS = "\"Events Radar/Preview Content\"";
				DEVELOPMENT_TEAM = QX4K9K4PRX;
				ENABLE_PREVIEWS = YES;
				GENERATE_INFOPLIST_FILE = YES;
				INFOPLIST_KEY_NSCameraUsageDescription = "Allow Camera Access.";
				INFOPLIST_KEY_NSLocationWhenInUseUsageDescription = "Allow Location Services.";
				INFOPLIST_KEY_UIApplicationSceneManifest_Generation = YES;
				INFOPLIST_KEY_UIApplicationSupportsIndirectInputEvents = YES;
				INFOPLIST_KEY_UILaunchScreen_Generation = YES;
				INFOPLIST_KEY_UISupportedInterfaceOrientations_iPad = "UIInterfaceOrientationPortrait UIInterfaceOrientationPortraitUpsideDown UIInterfaceOrientationLandscapeLeft UIInterfaceOrientationLandscapeRight";
				INFOPLIST_KEY_UISupportedInterfaceOrientations_iPhone = "UIInterfaceOrientationPortrait UIInterfaceOrientationLandscapeLeft UIInterfaceOrientationLandscapeRight";
				LD_RUNPATH_SEARCH_PATHS = (
					"$(inherited)",
					"@executable_path/Frameworks",
				);
				MARKETING_VERSION = 1.0;
				PRODUCT_BUNDLE_IDENTIFIER = "aljlservices.app.ios.events-radar";
				PRODUCT_NAME = "$(TARGET_NAME)";
				SWIFT_EMIT_LOC_STRINGS = YES;
				SWIFT_VERSION = 5.0;
				TARGETED_DEVICE_FAMILY = "1,2";
			};
			name = Debug;
		};
		A994EDF928249A81004AB63A /* Release */ = {
			isa = XCBuildConfiguration;
			buildSettings = {
				ASSETCATALOG_COMPILER_APPICON_NAME = AppIcon;
				ASSETCATALOG_COMPILER_GLOBAL_ACCENT_COLOR_NAME = AccentColor;
				CODE_SIGN_ENTITLEMENTS = "Events Radar/Events Radar.entitlements";
				CODE_SIGN_STYLE = Automatic;
				CURRENT_PROJECT_VERSION = 1;
				DEVELOPMENT_ASSET_PATHS = "\"Events Radar/Preview Content\"";
				DEVELOPMENT_TEAM = QX4K9K4PRX;
				ENABLE_PREVIEWS = YES;
				GENERATE_INFOPLIST_FILE = YES;
				INFOPLIST_KEY_NSCameraUsageDescription = "Allow Camera Access.";
				INFOPLIST_KEY_NSLocationWhenInUseUsageDescription = "Allow Location Services.";
				INFOPLIST_KEY_UIApplicationSceneManifest_Generation = YES;
				INFOPLIST_KEY_UIApplicationSupportsIndirectInputEvents = YES;
				INFOPLIST_KEY_UILaunchScreen_Generation = YES;
				INFOPLIST_KEY_UISupportedInterfaceOrientations_iPad = "UIInterfaceOrientationPortrait UIInterfaceOrientationPortraitUpsideDown UIInterfaceOrientationLandscapeLeft UIInterfaceOrientationLandscapeRight";
				INFOPLIST_KEY_UISupportedInterfaceOrientations_iPhone = "UIInterfaceOrientationPortrait UIInterfaceOrientationLandscapeLeft UIInterfaceOrientationLandscapeRight";
				LD_RUNPATH_SEARCH_PATHS = (
					"$(inherited)",
					"@executable_path/Frameworks",
				);
				MARKETING_VERSION = 1.0;
				PRODUCT_BUNDLE_IDENTIFIER = "aljlservices.app.ios.events-radar";
				PRODUCT_NAME = "$(TARGET_NAME)";
				SWIFT_EMIT_LOC_STRINGS = YES;
				SWIFT_VERSION = 5.0;
				TARGETED_DEVICE_FAMILY = "1,2";
			};
			name = Release;
		};
/* End XCBuildConfiguration section */

/* Begin XCConfigurationList section */
		A994EDE428249A7F004AB63A /* Build configuration list for PBXProject "Events Radar" */ = {
			isa = XCConfigurationList;
			buildConfigurations = (
				A994EDF528249A81004AB63A /* Debug */,
				A994EDF628249A81004AB63A /* Release */,
			);
			defaultConfigurationIsVisible = 0;
			defaultConfigurationName = Release;
		};
		A994EDF728249A81004AB63A /* Build configuration list for PBXNativeTarget "Events Radar" */ = {
			isa = XCConfigurationList;
			buildConfigurations = (
				A994EDF828249A81004AB63A /* Debug */,
				A994EDF928249A81004AB63A /* Release */,
			);
			defaultConfigurationIsVisible = 0;
			defaultConfigurationName = Release;
		};
/* End XCConfigurationList section */
	};
	rootObject = A994EDE128249A7F004AB63A /* Project object */;
}
