// !$*UTF8*$!
{
	archiveVersion = 1;
	classes = {
	};
	objectVersion = 46;
	objects = {

/* Begin PBXBuildFile section */
		A9A3786C1B1F759300E8AAB0 /* AppDelegate.swift in Sources */ = {isa = PBXBuildFile; fileRef = A9A3786B1B1F759300E8AAB0 /* AppDelegate.swift */; };
		A9A3786E1B1F759300E8AAB0 /* ViewController.swift in Sources */ = {isa = PBXBuildFile; fileRef = A9A3786D1B1F759300E8AAB0 /* ViewController.swift */; };
		A9A378711B1F759300E8AAB0 /* Main.storyboard in Resources */ = {isa = PBXBuildFile; fileRef = A9A3786F1B1F759300E8AAB0 /* Main.storyboard */; };
		A9A378731B1F759300E8AAB0 /* Images.xcassets in Resources */ = {isa = PBXBuildFile; fileRef = A9A378721B1F759300E8AAB0 /* Images.xcassets */; };
		A9A378761B1F759300E8AAB0 /* LaunchScreen.xib in Resources */ = {isa = PBXBuildFile; fileRef = A9A378741B1F759300E8AAB0 /* LaunchScreen.xib */; };
		A9A378821B1F759300E8AAB0 /* IOS8SwiftPostFacebookTests.swift in Sources */ = {isa = PBXBuildFile; fileRef = A9A378811B1F759300E8AAB0 /* IOS8SwiftPostFacebookTests.swift */; };
/* End PBXBuildFile section */

/* Begin PBXContainerItemProxy section */
		A9A3787C1B1F759300E8AAB0 /* PBXContainerItemProxy */ = {
			isa = PBXContainerItemProxy;
			containerPortal = A9A3785E1B1F759300E8AAB0 /* Project object */;
			proxyType = 1;
			remoteGlobalIDString = A9A378651B1F759300E8AAB0;
			remoteInfo = IOS8SwiftPostFacebook;
		};
/* End PBXContainerItemProxy section */

/* Begin PBXFileReference section */
		A9A378661B1F759300E8AAB0 /* IOS8SwiftPostFacebook.app */ = {isa = PBXFileReference; explicitFileType = wrapper.application; includeInIndex = 0; path = IOS8SwiftPostFacebook.app; sourceTree = BUILT_PRODUCTS_DIR; };
		A9A3786A1B1F759300E8AAB0 /* Info.plist */ = {isa = PBXFileReference; lastKnownFileType = text.plist.xml; path = Info.plist; sourceTree = "<group>"; };
		A9A3786B1B1F759300E8AAB0 /* AppDelegate.swift */ = {isa = PBXFileReference; lastKnownFileType = sourcecode.swift; path = AppDelegate.swift; sourceTree = "<group>"; };
		A9A3786D1B1F759300E8AAB0 /* ViewController.swift */ = {isa = PBXFileReference; lastKnownFileType = sourcecode.swift; path = ViewController.swift; sourceTree = "<group>"; };
		A9A378701B1F759300E8AAB0 /* Base */ = {isa = PBXFileReference; lastKnownFileType = file.storyboard; name = Base; path = Base.lproj/Main.storyboard; sourceTree = "<group>"; };
		A9A378721B1F759300E8AAB0 /* Images.xcassets */ = {isa = PBXFileReference; lastKnownFileType = folder.assetcatalog; path = Images.xcassets; sourceTree = "<group>"; };
		A9A378751B1F759300E8AAB0 /* Base */ = {isa = PBXFileReference; lastKnownFileType = file.xib; name = Base; path = Base.lproj/LaunchScreen.xib; sourceTree = "<group>"; };
		A9A3787B1B1F759300E8AAB0 /* IOS8SwiftPostFacebookTests.xctest */ = {isa = PBXFileReference; explicitFileType = wrapper.cfbundle; includeInIndex = 0; path = IOS8SwiftPostFacebookTests.xctest; sourceTree = BUILT_PRODUCTS_DIR; };
		A9A378801B1F759300E8AAB0 /* Info.plist */ = {isa = PBXFileReference; lastKnownFileType = text.plist.xml; path = Info.plist; sourceTree = "<group>"; };
		A9A378811B1F759300E8AAB0 /* IOS8SwiftPostFacebookTests.swift */ = {isa = PBXFileReference; lastKnownFileType = sourcecode.swift; path = IOS8SwiftPostFacebookTests.swift; sourceTree = "<group>"; };
/* End PBXFileReference section */

/* Begin PBXFrameworksBuildPhase section */
		A9A378631B1F759300E8AAB0 /* Frameworks */ = {
			isa = PBXFrameworksBuildPhase;
			buildActionMask = 2147483647;
			files = (
			);
			runOnlyForDeploymentPostprocessing = 0;
		};
		A9A378781B1F759300E8AAB0 /* Frameworks */ = {
			isa = PBXFrameworksBuildPhase;
			buildActionMask = 2147483647;
			files = (
			);
			runOnlyForDeploymentPostprocessing = 0;
		};
/* End PBXFrameworksBuildPhase section */

/* Begin PBXGroup section */
		A9A3785D1B1F759300E8AAB0 = {
			isa = PBXGroup;
			children = (
				A9A378681B1F759300E8AAB0 /* IOS8SwiftPostFacebook */,
				A9A3787E1B1F759300E8AAB0 /* IOS8SwiftPostFacebookTests */,
				A9A378671B1F759300E8AAB0 /* Products */,
			);
			sourceTree = "<group>";
		};
		A9A378671B1F759300E8AAB0 /* Products */ = {
			isa = PBXGroup;
			children = (
				A9A378661B1F759300E8AAB0 /* IOS8SwiftPostFacebook.app */,
				A9A3787B1B1F759300E8AAB0 /* IOS8SwiftPostFacebookTests.xctest */,
			);
			name = Products;
			sourceTree = "<group>";
		};
		A9A378681B1F759300E8AAB0 /* IOS8SwiftPostFacebook */ = {
			isa = PBXGroup;
			children = (
				A9A3786B1B1F759300E8AAB0 /* AppDelegate.swift */,
				A9A3786D1B1F759300E8AAB0 /* ViewController.swift */,
				A9A3786F1B1F759300E8AAB0 /* Main.storyboard */,
				A9A378721B1F759300E8AAB0 /* Images.xcassets */,
				A9A378741B1F759300E8AAB0 /* LaunchScreen.xib */,
				A9A378691B1F759300E8AAB0 /* Supporting Files */,
			);
			path = IOS8SwiftPostFacebook;
			sourceTree = "<group>";
		};
		A9A378691B1F759300E8AAB0 /* Supporting Files */ = {
			isa = PBXGroup;
			children = (
				A9A3786A1B1F759300E8AAB0 /* Info.plist */,
			);
			name = "Supporting Files";
			sourceTree = "<group>";
		};
		A9A3787E1B1F759300E8AAB0 /* IOS8SwiftPostFacebookTests */ = {
			isa = PBXGroup;
			children = (
				A9A378811B1F759300E8AAB0 /* IOS8SwiftPostFacebookTests.swift */,
				A9A3787F1B1F759300E8AAB0 /* Supporting Files */,
			);
			path = IOS8SwiftPostFacebookTests;
			sourceTree = "<group>";
		};
		A9A3787F1B1F759300E8AAB0 /* Supporting Files */ = {
			isa = PBXGroup;
			children = (
				A9A378801B1F759300E8AAB0 /* Info.plist */,
			);
			name = "Supporting Files";
			sourceTree = "<group>";
		};
/* End PBXGroup section */

/* Begin PBXNativeTarget section */
		A9A378651B1F759300E8AAB0 /* IOS8SwiftPostFacebook */ = {
			isa = PBXNativeTarget;
			buildConfigurationList = A9A378851B1F759300E8AAB0 /* Build configuration list for PBXNativeTarget "IOS8SwiftPostFacebook" */;
			buildPhases = (
				A9A378621B1F759300E8AAB0 /* Sources */,
				A9A378631B1F759300E8AAB0 /* Frameworks */,
				A9A378641B1F759300E8AAB0 /* Resources */,
			);
			buildRules = (
			);
			dependencies = (
			);
			name = IOS8SwiftPostFacebook;
			productName = IOS8SwiftPostFacebook;
			productReference = A9A378661B1F759300E8AAB0 /* IOS8SwiftPostFacebook.app */;
			productType = "com.apple.product-type.application";
		};
		A9A3787A1B1F759300E8AAB0 /* IOS8SwiftPostFacebookTests */ = {
			isa = PBXNativeTarget;
			buildConfigurationList = A9A378881B1F759300E8AAB0 /* Build configuration list for PBXNativeTarget "IOS8SwiftPostFacebookTests" */;
			buildPhases = (
				A9A378771B1F759300E8AAB0 /* Sources */,
				A9A378781B1F759300E8AAB0 /* Frameworks */,
				A9A378791B1F759300E8AAB0 /* Resources */,
			);
			buildRules = (
			);
			dependencies = (
				A9A3787D1B1F759300E8AAB0 /* PBXTargetDependency */,
			);
			name = IOS8SwiftPostFacebookTests;
			productName = IOS8SwiftPostFacebookTests;
			productReference = A9A3787B1B1F759300E8AAB0 /* IOS8SwiftPostFacebookTests.xctest */;
			productType = "com.apple.product-type.bundle.unit-test";
		};
/* End PBXNativeTarget section */

/* Begin PBXProject section */
		A9A3785E1B1F759300E8AAB0 /* Project object */ = {
			isa = PBXProject;
			attributes = {
				LastUpgradeCheck = 0630;
				ORGANIZATIONNAME = "Alejandro Jaque";
				TargetAttributes = {
					A9A378651B1F759300E8AAB0 = {
						CreatedOnToolsVersion = 6.3.2;
					};
					A9A3787A1B1F759300E8AAB0 = {
						CreatedOnToolsVersion = 6.3.2;
						TestTargetID = A9A378651B1F759300E8AAB0;
					};
				};
			};
			buildConfigurationList = A9A378611B1F759300E8AAB0 /* Build configuration list for PBXProject "IOS8SwiftPostFacebook" */;
			compatibilityVersion = "Xcode 3.2";
			developmentRegion = English;
			hasScannedForEncodings = 0;
			knownRegions = (
				en,
				Base,
			);
			mainGroup = A9A3785D1B1F759300E8AAB0;
			productRefGroup = A9A378671B1F759300E8AAB0 /* Products */;
			projectDirPath = "";
			projectRoot = "";
			targets = (
				A9A378651B1F759300E8AAB0 /* IOS8SwiftPostFacebook */,
				A9A3787A1B1F759300E8AAB0 /* IOS8SwiftPostFacebookTests */,
			);
		};
/* End PBXProject section */

/* Begin PBXResourcesBuildPhase section */
		A9A378641B1F759300E8AAB0 /* Resources */ = {
			isa = PBXResourcesBuildPhase;
			buildActionMask = 2147483647;
			files = (
				A9A378711B1F759300E8AAB0 /* Main.storyboard in Resources */,
				A9A378761B1F759300E8AAB0 /* LaunchScreen.xib in Resources */,
				A9A378731B1F759300E8AAB0 /* Images.xcassets in Resources */,
			);
			runOnlyForDeploymentPostprocessing = 0;
		};
		A9A378791B1F759300E8AAB0 /* Resources */ = {
			isa = PBXResourcesBuildPhase;
			buildActionMask = 2147483647;
			files = (
			);
			runOnlyForDeploymentPostprocessing = 0;
		};
/* End PBXResourcesBuildPhase section */

/* Begin PBXSourcesBuildPhase section */
		A9A378621B1F759300E8AAB0 /* Sources */ = {
			isa = PBXSourcesBuildPhase;
			buildActionMask = 2147483647;
			files = (
				A9A3786E1B1F759300E8AAB0 /* ViewController.swift in Sources */,
				A9A3786C1B1F759300E8AAB0 /* AppDelegate.swift in Sources */,
			);
			runOnlyForDeploymentPostprocessing = 0;
		};
		A9A378771B1F759300E8AAB0 /* Sources */ = {
			isa = PBXSourcesBuildPhase;
			buildActionMask = 2147483647;
			files = (
				A9A378821B1F759300E8AAB0 /* IOS8SwiftPostFacebookTests.swift in Sources */,
			);
			runOnlyForDeploymentPostprocessing = 0;
		};
/* End PBXSourcesBuildPhase section */

/* Begin PBXTargetDependency section */
		A9A3787D1B1F759300E8AAB0 /* PBXTargetDependency */ = {
			isa = PBXTargetDependency;
			target = A9A378651B1F759300E8AAB0 /* IOS8SwiftPostFacebook */;
			targetProxy = A9A3787C1B1F759300E8AAB0 /* PBXContainerItemProxy */;
		};
/* End PBXTargetDependency section */

/* Begin PBXVariantGroup section */
		A9A3786F1B1F759300E8AAB0 /* Main.storyboard */ = {
			isa = PBXVariantGroup;
			children = (
				A9A378701B1F759300E8AAB0 /* Base */,
			);
			name = Main.storyboard;
			sourceTree = "<group>";
		};
		A9A378741B1F759300E8AAB0 /* LaunchScreen.xib */ = {
			isa = PBXVariantGroup;
			children = (
				A9A378751B1F759300E8AAB0 /* Base */,
			);
			name = LaunchScreen.xib;
			sourceTree = "<group>";
		};
/* End PBXVariantGroup section */

/* Begin XCBuildConfiguration section */
		A9A378831B1F759300E8AAB0 /* Debug */ = {
			isa = XCBuildConfiguration;
			buildSettings = {
				ALWAYS_SEARCH_USER_PATHS = NO;
				CLANG_CXX_LANGUAGE_STANDARD = "gnu++0x";
				CLANG_CXX_LIBRARY = "libc++";
				CLANG_ENABLE_MODULES = YES;
				CLANG_ENABLE_OBJC_ARC = YES;
				CLANG_WARN_BOOL_CONVERSION = YES;
				CLANG_WARN_CONSTANT_CONVERSION = YES;
				CLANG_WARN_DIRECT_OBJC_ISA_USAGE = YES_ERROR;
				CLANG_WARN_EMPTY_BODY = YES;
				CLANG_WARN_ENUM_CONVERSION = YES;
				CLANG_WARN_INT_CONVERSION = YES;
				CLANG_WARN_OBJC_ROOT_CLASS = YES_ERROR;
				CLANG_WARN_UNREACHABLE_CODE = YES;
				CLANG_WARN__DUPLICATE_METHOD_MATCH = YES;
				"CODE_SIGN_IDENTITY[sdk=iphoneos*]" = "iPhone Developer";
				COPY_PHASE_STRIP = NO;
				DEBUG_INFORMATION_FORMAT = "dwarf-with-dsym";
				ENABLE_STRICT_OBJC_MSGSEND = YES;
				GCC_C_LANGUAGE_STANDARD = gnu99;
				GCC_DYNAMIC_NO_PIC = NO;
				GCC_NO_COMMON_BLOCKS = YES;
				GCC_OPTIMIZATION_LEVEL = 0;
				GCC_PREPROCESSOR_DEFINITIONS = (
					"DEBUG=1",
					"$(inherited)",
				);
				GCC_SYMBOLS_PRIVATE_EXTERN = NO;
				GCC_WARN_64_TO_32_BIT_CONVERSION = YES;
				GCC_WARN_ABOUT_RETURN_TYPE = YES_ERROR;
				GCC_WARN_UNDECLARED_SELECTOR = YES;
				GCC_WARN_UNINITIALIZED_AUTOS = YES_AGGRESSIVE;
				GCC_WARN_UNUSED_FUNCTION = YES;
				GCC_WARN_UNUSED_VARIABLE = YES;
				IPHONEOS_DEPLOYMENT_TARGET = 8.3;
				MTL_ENABLE_DEBUG_INFO = YES;
				ONLY_ACTIVE_ARCH = YES;
				SDKROOT = iphoneos;
				SWIFT_OPTIMIZATION_LEVEL = "-Onone";
			};
			name = Debug;
		};
		A9A378841B1F759300E8AAB0 /* Release */ = {
			isa = XCBuildConfiguration;
			buildSettings = {
				ALWAYS_SEARCH_USER_PATHS = NO;
				CLANG_CXX_LANGUAGE_STANDARD = "gnu++0x";
				CLANG_CXX_LIBRARY = "libc++";
				CLANG_ENABLE_MODULES = YES;
				CLANG_ENABLE_OBJC_ARC = YES;
				CLANG_WARN_BOOL_CONVERSION = YES;
				CLANG_WARN_CONSTANT_CONVERSION = YES;
				CLANG_WARN_DIRECT_OBJC_ISA_USAGE = YES_ERROR;
				CLANG_WARN_EMPTY_BODY = YES;
				CLANG_WARN_ENUM_CONVERSION = YES;
				CLANG_WARN_INT_CONVERSION = YES;
				CLANG_WARN_OBJC_ROOT_CLASS = YES_ERROR;
				CLANG_WARN_UNREACHABLE_CODE = YES;
				CLANG_WARN__DUPLICATE_METHOD_MATCH = YES;
				"CODE_SIGN_IDENTITY[sdk=iphoneos*]" = "iPhone Developer";
				COPY_PHASE_STRIP = NO;
				DEBUG_INFORMATION_FORMAT = "dwarf-with-dsym";
				ENABLE_NS_ASSERTIONS = NO;
				ENABLE_STRICT_OBJC_MSGSEND = YES;
				GCC_C_LANGUAGE_STANDARD = gnu99;
				GCC_NO_COMMON_BLOCKS = YES;
				GCC_WARN_64_TO_32_BIT_CONVERSION = YES;
				GCC_WARN_ABOUT_RETURN_TYPE = YES_ERROR;
				GCC_WARN_UNDECLARED_SELECTOR = YES;
				GCC_WARN_UNINITIALIZED_AUTOS = YES_AGGRESSIVE;
				GCC_WARN_UNUSED_FUNCTION = YES;
				GCC_WARN_UNUSED_VARIABLE = YES;
				IPHONEOS_DEPLOYMENT_TARGET = 8.3;
				MTL_ENABLE_DEBUG_INFO = NO;
				SDKROOT = iphoneos;
				VALIDATE_PRODUCT = YES;
			};
			name = Release;
		};
		A9A378861B1F759300E8AAB0 /* Debug */ = {
			isa = XCBuildConfiguration;
			buildSettings = {
				ASSETCATALOG_COMPILER_APPICON_NAME = AppIcon;
				INFOPLIST_FILE = IOS8SwiftPostFacebook/Info.plist;
				LD_RUNPATH_SEARCH_PATHS = "$(inherited) @executable_path/Frameworks";
				PRODUCT_NAME = "$(TARGET_NAME)";
			};
			name = Debug;
		};
		A9A378871B1F759300E8AAB0 /* Release */ = {
			isa = XCBuildConfiguration;
			buildSettings = {
				ASSETCATALOG_COMPILER_APPICON_NAME = AppIcon;
				INFOPLIST_FILE = IOS8SwiftPostFacebook/Info.plist;
				LD_RUNPATH_SEARCH_PATHS = "$(inherited) @executable_path/Frameworks";
				PRODUCT_NAME = "$(TARGET_NAME)";
			};
			name = Release;
		};
		A9A378891B1F759300E8AAB0 /* Debug */ = {
			isa = XCBuildConfiguration;
			buildSettings = {
				BUNDLE_LOADER = "$(TEST_HOST)";
				FRAMEWORK_SEARCH_PATHS = (
					"$(SDKROOT)/Developer/Library/Frameworks",
					"$(inherited)",
				);
				GCC_PREPROCESSOR_DEFINITIONS = (
					"DEBUG=1",
					"$(inherited)",
				);
				INFOPLIST_FILE = IOS8SwiftPostFacebookTests/Info.plist;
				LD_RUNPATH_SEARCH_PATHS = "$(inherited) @executable_path/Frameworks @loader_path/Frameworks";
				PRODUCT_NAME = "$(TARGET_NAME)";
				TEST_HOST = "$(BUILT_PRODUCTS_DIR)/IOS8SwiftPostFacebook.app/IOS8SwiftPostFacebook";
			};
			name = Debug;
		};
		A9A3788A1B1F759300E8AAB0 /* Release */ = {
			isa = XCBuildConfiguration;
			buildSettings = {
				BUNDLE_LOADER = "$(TEST_HOST)";
				FRAMEWORK_SEARCH_PATHS = (
					"$(SDKROOT)/Developer/Library/Frameworks",
					"$(inherited)",
				);
				INFOPLIST_FILE = IOS8SwiftPostFacebookTests/Info.plist;
				LD_RUNPATH_SEARCH_PATHS = "$(inherited) @executable_path/Frameworks @loader_path/Frameworks";
				PRODUCT_NAME = "$(TARGET_NAME)";
				TEST_HOST = "$(BUILT_PRODUCTS_DIR)/IOS8SwiftPostFacebook.app/IOS8SwiftPostFacebook";
			};
			name = Release;
		};
/* End XCBuildConfiguration section */

/* Begin XCConfigurationList section */
		A9A378611B1F759300E8AAB0 /* Build configuration list for PBXProject "IOS8SwiftPostFacebook" */ = {
			isa = XCConfigurationList;
			buildConfigurations = (
				A9A378831B1F759300E8AAB0 /* Debug */,
				A9A378841B1F759300E8AAB0 /* Release */,
			);
			defaultConfigurationIsVisible = 0;
			defaultConfigurationName = Release;
		};
		A9A378851B1F759300E8AAB0 /* Build configuration list for PBXNativeTarget "IOS8SwiftPostFacebook" */ = {
			isa = XCConfigurationList;
			buildConfigurations = (
				A9A378861B1F759300E8AAB0 /* Debug */,
				A9A378871B1F759300E8AAB0 /* Release */,
			);
			defaultConfigurationIsVisible = 0;
		};
		A9A378881B1F759300E8AAB0 /* Build configuration list for PBXNativeTarget "IOS8SwiftPostFacebookTests" */ = {
			isa = XCConfigurationList;
			buildConfigurations = (
				A9A378891B1F759300E8AAB0 /* Debug */,
				A9A3788A1B1F759300E8AAB0 /* Release */,
			);
			defaultConfigurationIsVisible = 0;
		};
/* End XCConfigurationList section */
	};
	rootObject = A9A3785E1B1F759300E8AAB0 /* Project object */;
}
