// !$*UTF8*$!
{
	archiveVersion = 1;
	classes = {
	};
	objectVersion = 55;
	objects = {

/* Begin PBXBuildFile section */
		A994ED8B28210402004AB63A /* CloudKit_1App.swift in Sources */ = {isa = PBXBuildFile; fileRef = A994ED8A28210402004AB63A /* CloudKit_1App.swift */; };
		A994ED8D28210402004AB63A /* ContentView.swift in Sources */ = {isa = PBXBuildFile; fileRef = A994ED8C28210402004AB63A /* ContentView.swift */; };
		A994ED8F28210406004AB63A /* Assets.xcassets in Resources */ = {isa = PBXBuildFile; fileRef = A994ED8E28210406004AB63A /* Assets.xcassets */; };
		A994ED9228210406004AB63A /* Preview Assets.xcassets in Resources */ = {isa = PBXBuildFile; fileRef = A994ED9128210406004AB63A /* Preview Assets.xcassets */; };
		A994ED9B282104B3004AB63A /* CloudKit.framework in Frameworks */ = {isa = PBXBuildFile; fileRef = A994ED9A282104B3004AB63A /* CloudKit.framework */; };
		A994EDB92821F849004AB63A /* CloudKitCrud.swift in Sources */ = {isa = PBXBuildFile; fileRef = A994EDB82821F849004AB63A /* CloudKitCrud.swift */; };
		A994EDBB28230BFC004AB63A /* CloudKitPushNNotification.swift in Sources */ = {isa = PBXBuildFile; fileRef = A994EDBA28230BFB004AB63A /* CloudKitPushNNotification.swift */; };
/* End PBXBuildFile section */

/* Begin PBXFileReference section */
		A994ED8728210402004AB63A /* CloudKit 1.app */ = {isa = PBXFileReference; explicitFileType = wrapper.application; includeInIndex = 0; path = "CloudKit 1.app"; sourceTree = BUILT_PRODUCTS_DIR; };
		A994ED8A28210402004AB63A /* CloudKit_1App.swift */ = {isa = PBXFileReference; lastKnownFileType = sourcecode.swift; path = CloudKit_1App.swift; sourceTree = "<group>"; };
		A994ED8C28210402004AB63A /* ContentView.swift */ = {isa = PBXFileReference; lastKnownFileType = sourcecode.swift; path = ContentView.swift; sourceTree = "<group>"; };
		A994ED8E28210406004AB63A /* Assets.xcassets */ = {isa = PBXFileReference; lastKnownFileType = folder.assetcatalog; path = Assets.xcassets; sourceTree = "<group>"; };
		A994ED9128210406004AB63A /* Preview Assets.xcassets */ = {isa = PBXFileReference; lastKnownFileType = folder.assetcatalog; path = "Preview Assets.xcassets"; sourceTree = "<group>"; };
		A994ED9828210452004AB63A /* CloudKit 1.entitlements */ = {isa = PBXFileReference; lastKnownFileType = text.plist.entitlements; path = "CloudKit 1.entitlements"; sourceTree = "<group>"; };
		A994ED9A282104B3004AB63A /* CloudKit.framework */ = {isa = PBXFileReference; lastKnownFileType = wrapper.framework; name = CloudKit.framework; path = System/Library/Frameworks/CloudKit.framework; sourceTree = SDKROOT; };
		A994EDB82821F849004AB63A /* CloudKitCrud.swift */ = {isa = PBXFileReference; lastKnownFileType = sourcecode.swift; path = CloudKitCrud.swift; sourceTree = "<group>"; };
		A994EDBA28230BFB004AB63A /* CloudKitPushNNotification.swift */ = {isa = PBXFileReference; lastKnownFileType = sourcecode.swift; path = CloudKitPushNNotification.swift; sourceTree = "<group>"; };
/* End PBXFileReference section */

/* Begin PBXFrameworksBuildPhase section */
		A994ED8428210402004AB63A /* Frameworks */ = {
			isa = PBXFrameworksBuildPhase;
			buildActionMask = 2147483647;
			files = (
				A994ED9B282104B3004AB63A /* CloudKit.framework in Frameworks */,
			);
			runOnlyForDeploymentPostprocessing = 0;
		};
/* End PBXFrameworksBuildPhase section */

/* Begin PBXGroup section */
		A994ED7E28210402004AB63A = {
			isa = PBXGroup;
			children = (
				A994ED8928210402004AB63A /* CloudKit 1 */,
				A994ED8828210402004AB63A /* Products */,
				A994ED99282104B3004AB63A /* Frameworks */,
			);
			sourceTree = "<group>";
		};
		A994ED8828210402004AB63A /* Products */ = {
			isa = PBXGroup;
			children = (
				A994ED8728210402004AB63A /* CloudKit 1.app */,
			);
			name = Products;
			sourceTree = "<group>";
		};
		A994ED8928210402004AB63A /* CloudKit 1 */ = {
			isa = PBXGroup;
			children = (
				A994ED9828210452004AB63A /* CloudKit 1.entitlements */,
				A994ED8A28210402004AB63A /* CloudKit_1App.swift */,
				A994ED8C28210402004AB63A /* ContentView.swift */,
				A994EDB82821F849004AB63A /* CloudKitCrud.swift */,
				A994EDBA28230BFB004AB63A /* CloudKitPushNNotification.swift */,
				A994ED8E28210406004AB63A /* Assets.xcassets */,
				A994ED9028210406004AB63A /* Preview Content */,
			);
			path = "CloudKit 1";
			sourceTree = "<group>";
		};
		A994ED9028210406004AB63A /* Preview Content */ = {
			isa = PBXGroup;
			children = (
				A994ED9128210406004AB63A /* Preview Assets.xcassets */,
			);
			path = "Preview Content";
			sourceTree = "<group>";
		};
		A994ED99282104B3004AB63A /* Frameworks */ = {
			isa = PBXGroup;
			children = (
				A994ED9A282104B3004AB63A /* CloudKit.framework */,
			);
			name = Frameworks;
			sourceTree = "<group>";
		};
/* End PBXGroup section */

/* Begin PBXNativeTarget section */
		A994ED8628210402004AB63A /* CloudKit 1 */ = {
			isa = PBXNativeTarget;
			buildConfigurationList = A994ED9528210406004AB63A /* Build configuration list for PBXNativeTarget "CloudKit 1" */;
			buildPhases = (
				A994ED8328210402004AB63A /* Sources */,
				A994ED8428210402004AB63A /* Frameworks */,
				A994ED8528210402004AB63A /* Resources */,
			);
			buildRules = (
			);
			dependencies = (
			);
			name = "CloudKit 1";
			productName = "CloudKit 1";
			productReference = A994ED8728210402004AB63A /* CloudKit 1.app */;
			productType = "com.apple.product-type.application";
		};
/* End PBXNativeTarget section */

/* Begin PBXProject section */
		A994ED7F28210402004AB63A /* Project object */ = {
			isa = PBXProject;
			attributes = {
				BuildIndependentTargetsInParallel = 1;
				LastSwiftUpdateCheck = 1330;
				LastUpgradeCheck = 1330;
				TargetAttributes = {
					A994ED8628210402004AB63A = {
						CreatedOnToolsVersion = 13.3.1;
					};
				};
			};
			buildConfigurationList = A994ED8228210402004AB63A /* Build configuration list for PBXProject "CloudKit 1" */;
			compatibilityVersion = "Xcode 13.0";
			developmentRegion = en;
			hasScannedForEncodings = 0;
			knownRegions = (
				en,
				Base,
			);
			mainGroup = A994ED7E28210402004AB63A;
			productRefGroup = A994ED8828210402004AB63A /* Products */;
			projectDirPath = "";
			projectRoot = "";
			targets = (
				A994ED8628210402004AB63A /* CloudKit 1 */,
			);
		};
/* End PBXProject section */

/* Begin PBXResourcesBuildPhase section */
		A994ED8528210402004AB63A /* Resources */ = {
			isa = PBXResourcesBuildPhase;
			buildActionMask = 2147483647;
			files = (
				A994ED9228210406004AB63A /* Preview Assets.xcassets in Resources */,
				A994ED8F28210406004AB63A /* Assets.xcassets in Resources */,
			);
			runOnlyForDeploymentPostprocessing = 0;
		};
/* End PBXResourcesBuildPhase section */

/* Begin PBXSourcesBuildPhase section */
		A994ED8328210402004AB63A /* Sources */ = {
			isa = PBXSourcesBuildPhase;
			buildActionMask = 2147483647;
			files = (
				A994EDB92821F849004AB63A /* CloudKitCrud.swift in Sources */,
				A994ED8D28210402004AB63A /* ContentView.swift in Sources */,
				A994EDBB28230BFC004AB63A /* CloudKitPushNNotification.swift in Sources */,
				A994ED8B28210402004AB63A /* CloudKit_1App.swift in Sources */,
			);
			runOnlyForDeploymentPostprocessing = 0;
		};
/* End PBXSourcesBuildPhase section */

/* Begin XCBuildConfiguration section */
		A994ED9328210406004AB63A /* Debug */ = {
			isa = XCBuildConfiguration;
			buildSettings = {
				ALWAYS_SEARCH_USER_PATHS = NO;
				CLANG_ANALYZER_NONNULL = YES;
				CLANG_ANALYZER_NUMBER_OBJECT_CONVERSION = YES_AGGRESSIVE;
				CLANG_CXX_LANGUAGE_STANDARD = "gnu++17";
				CLANG_ENABLE_MODULES = YES;
				CLANG_ENABLE_OBJC_ARC = YES;
				CLANG_ENABLE_OBJC_WEAK = YES;
				CLANG_WARN_BLOCK_CAPTURE_AUTORELEASING = YES;
				CLANG_WARN_BOOL_CONVERSION = YES;
				CLANG_WARN_COMMA = YES;
				CLANG_WARN_CONSTANT_CONVERSION = YES;
				CLANG_WARN_DEPRECATED_OBJC_IMPLEMENTATIONS = YES;
				CLANG_WARN_DIRECT_OBJC_ISA_USAGE = YES_ERROR;
				CLANG_WARN_DOCUMENTATION_COMMENTS = YES;
				CLANG_WARN_EMPTY_BODY = YES;
				CLANG_WARN_ENUM_CONVERSION = YES;
				CLANG_WARN_INFINITE_RECURSION = YES;
				CLANG_WARN_INT_CONVERSION = YES;
				CLANG_WARN_NON_LITERAL_NULL_CONVERSION = YES;
				CLANG_WARN_OBJC_IMPLICIT_RETAIN_SELF = YES;
				CLANG_WARN_OBJC_LITERAL_CONVERSION = YES;
				CLANG_WARN_OBJC_ROOT_CLASS = YES_ERROR;
				CLANG_WARN_QUOTED_INCLUDE_IN_FRAMEWORK_HEADER = YES;
				CLANG_WARN_RANGE_LOOP_ANALYSIS = YES;
				CLANG_WARN_STRICT_PROTOTYPES = YES;
				CLANG_WARN_SUSPICIOUS_MOVE = YES;
				CLANG_WARN_UNGUARDED_AVAILABILITY = YES_AGGRESSIVE;
				CLANG_WARN_UNREACHABLE_CODE = YES;
				CLANG_WARN__DUPLICATE_METHOD_MATCH = YES;
				COPY_PHASE_STRIP = NO;
				DEBUG_INFORMATION_FORMAT = dwarf;
				ENABLE_STRICT_OBJC_MSGSEND = YES;
				ENABLE_TESTABILITY = YES;
				GCC_C_LANGUAGE_STANDARD = gnu11;
				GCC_DYNAMIC_NO_PIC = NO;
				GCC_NO_COMMON_BLOCKS = YES;
				GCC_OPTIMIZATION_LEVEL = 0;
				GCC_PREPROCESSOR_DEFINITIONS = (
					"DEBUG=1",
					"$(inherited)",
				);
				GCC_WARN_64_TO_32_BIT_CONVERSION = YES;
				GCC_WARN_ABOUT_RETURN_TYPE = YES_ERROR;
				GCC_WARN_UNDECLARED_SELECTOR = YES;
				GCC_WARN_UNINITIALIZED_AUTOS = YES_AGGRESSIVE;
				GCC_WARN_UNUSED_FUNCTION = YES;
				GCC_WARN_UNUSED_VARIABLE = YES;
				IPHONEOS_DEPLOYMENT_TARGET = 15.4;
				MTL_ENABLE_DEBUG_INFO = INCLUDE_SOURCE;
				MTL_FAST_MATH = YES;
				ONLY_ACTIVE_ARCH = YES;
				SDKROOT = iphoneos;
				SWIFT_ACTIVE_COMPILATION_CONDITIONS = DEBUG;
				SWIFT_OPTIMIZATION_LEVEL = "-Onone";
			};
			name = Debug;
		};
		A994ED9428210406004AB63A /* Release */ = {
			isa = XCBuildConfiguration;
			buildSettings = {
				ALWAYS_SEARCH_USER_PATHS = NO;
				CLANG_ANALYZER_NONNULL = YES;
				CLANG_ANALYZER_NUMBER_OBJECT_CONVERSION = YES_AGGRESSIVE;
				CLANG_CXX_LANGUAGE_STANDARD = "gnu++17";
				CLANG_ENABLE_MODULES = YES;
				CLANG_ENABLE_OBJC_ARC = YES;
				CLANG_ENABLE_OBJC_WEAK = YES;
				CLANG_WARN_BLOCK_CAPTURE_AUTORELEASING = YES;
				CLANG_WARN_BOOL_CONVERSION = YES;
				CLANG_WARN_COMMA = YES;
				CLANG_WARN_CONSTANT_CONVERSION = YES;
				CLANG_WARN_DEPRECATED_OBJC_IMPLEMENTATIONS = YES;
				CLANG_WARN_DIRECT_OBJC_ISA_USAGE = YES_ERROR;
				CLANG_WARN_DOCUMENTATION_COMMENTS = YES;
				CLANG_WARN_EMPTY_BODY = YES;
				CLANG_WARN_ENUM_CONVERSION = YES;
				CLANG_WARN_INFINITE_RECURSION = YES;
				CLANG_WARN_INT_CONVERSION = YES;
				CLANG_WARN_NON_LITERAL_NULL_CONVERSION = YES;
				CLANG_WARN_OBJC_IMPLICIT_RETAIN_SELF = YES;
				CLANG_WARN_OBJC_LITERAL_CONVERSION = YES;
				CLANG_WARN_OBJC_ROOT_CLASS = YES_ERROR;
				CLANG_WARN_QUOTED_INCLUDE_IN_FRAMEWORK_HEADER = YES;
				CLANG_WARN_RANGE_LOOP_ANALYSIS = YES;
				CLANG_WARN_STRICT_PROTOTYPES = YES;
				CLANG_WARN_SUSPICIOUS_MOVE = YES;
				CLANG_WARN_UNGUARDED_AVAILABILITY = YES_AGGRESSIVE;
				CLANG_WARN_UNREACHABLE_CODE = YES;
				CLANG_WARN__DUPLICATE_METHOD_MATCH = YES;
				COPY_PHASE_STRIP = NO;
				DEBUG_INFORMATION_FORMAT = "dwarf-with-dsym";
				ENABLE_NS_ASSERTIONS = NO;
				ENABLE_STRICT_OBJC_MSGSEND = YES;
				GCC_C_LANGUAGE_STANDARD = gnu11;
				GCC_NO_COMMON_BLOCKS = YES;
				GCC_WARN_64_TO_32_BIT_CONVERSION = YES;
				GCC_WARN_ABOUT_RETURN_TYPE = YES_ERROR;
				GCC_WARN_UNDECLARED_SELECTOR = YES;
				GCC_WARN_UNINITIALIZED_AUTOS = YES_AGGRESSIVE;
				GCC_WARN_UNUSED_FUNCTION = YES;
				GCC_WARN_UNUSED_VARIABLE = YES;
				IPHONEOS_DEPLOYMENT_TARGET = 15.4;
				MTL_ENABLE_DEBUG_INFO = NO;
				MTL_FAST_MATH = YES;
				SDKROOT = iphoneos;
				SWIFT_COMPILATION_MODE = wholemodule;
				SWIFT_OPTIMIZATION_LEVEL = "-O";
				VALIDATE_PRODUCT = YES;
			};
			name = Release;
		};
		A994ED9628210406004AB63A /* Debug */ = {
			isa = XCBuildConfiguration;
			buildSettings = {
				ASSETCATALOG_COMPILER_APPICON_NAME = AppIcon;
				ASSETCATALOG_COMPILER_GLOBAL_ACCENT_COLOR_NAME = AccentColor;
				CODE_SIGN_ENTITLEMENTS = "CloudKit 1/CloudKit 1.entitlements";
				CODE_SIGN_STYLE = Automatic;
				CURRENT_PROJECT_VERSION = 1;
				DEVELOPMENT_ASSET_PATHS = "\"CloudKit 1/Preview Content\"";
				DEVELOPMENT_TEAM = QX4K9K4PRX;
				ENABLE_PREVIEWS = YES;
				GENERATE_INFOPLIST_FILE = YES;
				INFOPLIST_KEY_UIApplicationSceneManifest_Generation = YES;
				INFOPLIST_KEY_UIApplicationSupportsIndirectInputEvents = YES;
				INFOPLIST_KEY_UILaunchScreen_Generation = YES;
				INFOPLIST_KEY_UISupportedInterfaceOrientations_iPad = "UIInterfaceOrientationPortrait UIInterfaceOrientationPortraitUpsideDown UIInterfaceOrientationLandscapeLeft UIInterfaceOrientationLandscapeRight";
				INFOPLIST_KEY_UISupportedInterfaceOrientations_iPhone = "UIInterfaceOrientationPortrait UIInterfaceOrientationLandscapeLeft UIInterfaceOrientationLandscapeRight";
				LD_RUNPATH_SEARCH_PATHS = (
					"$(inherited)",
					"@executable_path/Frameworks",
				);
				MARKETING_VERSION = 1.0;
				PRODUCT_BUNDLE_IDENTIFIER = "CloudKit-1";
				PRODUCT_NAME = "$(TARGET_NAME)";
				SWIFT_EMIT_LOC_STRINGS = YES;
				SWIFT_VERSION = 5.0;
				TARGETED_DEVICE_FAMILY = "1,2";
			};
			name = Debug;
		};
		A994ED9728210406004AB63A /* Release */ = {
			isa = XCBuildConfiguration;
			buildSettings = {
				ASSETCATALOG_COMPILER_APPICON_NAME = AppIcon;
				ASSETCATALOG_COMPILER_GLOBAL_ACCENT_COLOR_NAME = AccentColor;
				CODE_SIGN_ENTITLEMENTS = "CloudKit 1/CloudKit 1.entitlements";
				CODE_SIGN_STYLE = Automatic;
				CURRENT_PROJECT_VERSION = 1;
				DEVELOPMENT_ASSET_PATHS = "\"CloudKit 1/Preview Content\"";
				DEVELOPMENT_TEAM = QX4K9K4PRX;
				ENABLE_PREVIEWS = YES;
				GENERATE_INFOPLIST_FILE = YES;
				INFOPLIST_KEY_UIApplicationSceneManifest_Generation = YES;
				INFOPLIST_KEY_UIApplicationSupportsIndirectInputEvents = YES;
				INFOPLIST_KEY_UILaunchScreen_Generation = YES;
				INFOPLIST_KEY_UISupportedInterfaceOrientations_iPad = "UIInterfaceOrientationPortrait UIInterfaceOrientationPortraitUpsideDown UIInterfaceOrientationLandscapeLeft UIInterfaceOrientationLandscapeRight";
				INFOPLIST_KEY_UISupportedInterfaceOrientations_iPhone = "UIInterfaceOrientationPortrait UIInterfaceOrientationLandscapeLeft UIInterfaceOrientationLandscapeRight";
				LD_RUNPATH_SEARCH_PATHS = (
					"$(inherited)",
					"@executable_path/Frameworks",
				);
				MARKETING_VERSION = 1.0;
				PRODUCT_BUNDLE_IDENTIFIER = "CloudKit-1";
				PRODUCT_NAME = "$(TARGET_NAME)";
				SWIFT_EMIT_LOC_STRINGS = YES;
				SWIFT_VERSION = 5.0;
				TARGETED_DEVICE_FAMILY = "1,2";
			};
			name = Release;
		};
/* End XCBuildConfiguration section */

/* Begin XCConfigurationList section */
		A994ED8228210402004AB63A /* Build configuration list for PBXProject "CloudKit 1" */ = {
			isa = XCConfigurationList;
			buildConfigurations = (
				A994ED9328210406004AB63A /* Debug */,
				A994ED9428210406004AB63A /* Release */,
			);
			defaultConfigurationIsVisible = 0;
			defaultConfigurationName = Release;
		};
		A994ED9528210406004AB63A /* Build configuration list for PBXNativeTarget "CloudKit 1" */ = {
			isa = XCConfigurationList;
			buildConfigurations = (
				A994ED9628210406004AB63A /* Debug */,
				A994ED9728210406004AB63A /* Release */,
			);
			defaultConfigurationIsVisible = 0;
			defaultConfigurationName = Release;
		};
/* End XCConfigurationList section */
	};
	rootObject = A994ED7F28210402004AB63A /* Project object */;
}
